
Microsoft Visual Studio Solution File, Format Version 12.00
# Visual Studio 15
VisualStudioVersion = 15.0.28010.2016
MinimumVisualStudioVersion = 10.0.40219.1
Project("{FAE04EC0-301F-11D3-BF4B-00C04F79EFBC}") = "Gladkov_lab6_oopp", "Gladkov_lab6_oopp\Gladkov_lab6_oopp.csproj", "{982BD1D7-26D6-4DD6-BD37-9F38C5F55557}"
	ProjectSection(ProjectDependencies) = postProject
		{84633887-A4C6-4DEC-B018-8D0A5F1ED85A} = {84633887-A4C6-4DEC-B018-8D0A5F1ED85A}
	EndProjectSection
EndProject
Project("{8BC9CEB8-8B4A-11D0-8D11-00A0C91BC942}") = "MFCLibrary1", "MFCLibrary1\MFCLibrary1.vcxproj", "{84633887-A4C6-4DEC-B018-8D0A5F1ED85A}"
EndProject
Global
	GlobalSection(SolutionConfigurationPlatforms) = preSolution
		Debug|Any CPU = Debug|Any CPU
		Debug|x64 = Debug|x64
		Debug|x86 = Debug|x86
		Release|Any CPU = Release|Any CPU
		Release|x64 = Release|x64
		Release|x86 = Release|x86
	EndGlobalSection
	GlobalSection(ProjectConfigurationPlatforms) = postSolution
		{982BD1D7-26D6-4DD6-BD37-9F38C5F55557}.Debug|Any CPU.ActiveCfg = Debug|Any CPU
		{982BD1D7-26D6-4DD6-BD37-9F38C5F55557}.Debug|Any CPU.Build.0 = Debug|Any CPU
		{982BD1D7-26D6-4DD6-BD37-9F38C5F55557}.Debug|x64.ActiveCfg = Debug|Any CPU
		{982BD1D7-26D6-4DD6-BD37-9F38C5F55557}.Debug|x64.Build.0 = Debug|Any CPU
		{982BD1D7-26D6-4DD6-BD37-9F38C5F55557}.Debug|x86.ActiveCfg = Debug|Any CPU
		{982BD1D7-26D6-4DD6-BD37-9F38C5F55557}.Debug|x86.Build.0 = Debug|Any CPU
		{982BD1D7-26D6-4DD6-BD37-9F38C5F55557}.Release|Any CPU.ActiveCfg = Release|Any CPU
		{982BD1D7-26D6-4DD6-BD37-9F38C5F55557}.Release|Any CPU.Build.0 = Release|Any CPU
		{982BD1D7-26D6-4DD6-BD37-9F38C5F55557}.Release|x64.ActiveCfg = Release|Any CPU
		{982BD1D7-26D6-4DD6-BD37-9F38C5F55557}.Release|x64.Build.0 = Release|Any CPU
		{982BD1D7-26D6-4DD6-BD37-9F38C5F55557}.Release|x86.ActiveCfg = Release|Any CPU
		{982BD1D7-26D6-4DD6-BD37-9F38C5F55557}.Release|x86.Build.0 = Release|Any CPU
		{84633887-A4C6-4DEC-B018-8D0A5F1ED85A}.Debug|Any CPU.ActiveCfg = Debug|Win32
		{84633887-A4C6-4DEC-B018-8D0A5F1ED85A}.Debug|x64.ActiveCfg = Debug|x64
		{84633887-A4C6-4DEC-B018-8D0A5F1ED85A}.Debug|x64.Build.0 = Debug|x64
		{84633887-A4C6-4DEC-B018-8D0A5F1ED85A}.Debug|x86.ActiveCfg = Debug|Win32
		{84633887-A4C6-4DEC-B018-8D0A5F1ED85A}.Debug|x86.Build.0 = Debug|Win32
		{84633887-A4C6-4DEC-B018-8D0A5F1ED85A}.Release|Any CPU.ActiveCfg = Release|Win32
		{84633887-A4C6-4DEC-B018-8D0A5F1ED85A}.Release|x64.ActiveCfg = Release|x64
		{84633887-A4C6-4DEC-B018-8D0A5F1ED85A}.Release|x64.Build.0 = Release|x64
		{84633887-A4C6-4DEC-B018-8D0A5F1ED85A}.Release|x86.ActiveCfg = Release|Win32
		{84633887-A4C6-4DEC-B018-8D0A5F1ED85A}.Release|x86.Build.0 = Release|Win32
	EndGlobalSection
	GlobalSection(SolutionProperties) = preSolution
		HideSolutionNode = FALSE
	EndGlobalSection
	GlobalSection(ExtensibilityGlobals) = postSolution
		SolutionGuid = {749B8D96-C6EF-4678-B1B0-ADE6D09A270A}
	EndGlobalSection
EndGlobal
